
Microsoft Visual Studio Solution File, Format Version 12.00
# Visual Studio Version 17
VisualStudioVersion = 17.5.002.0
MinimumVisualStudioVersion = 10.0.40219.1
Project("{2150E333-8FDC-42A3-9474-1A3956D46DE8}") = "csharp-prep", "csharp-prep", "{416E8525-71AC-4907-8D54-F02F97557444}"
EndProject
Project("{9A19103F-16F7-4668-BE54-9A1E7A4F7556}") = "Prep1", "csharp-prep\Prep1\Prep1.csproj", "{70F71C36-BDD8-4525-8F3E-D3BEF29F7CB6}"
EndProject
Project("{9A19103F-16F7-4668-BE54-9A1E7A4F7556}") = "Prep2", "csharp-prep\Prep2\Prep2.csproj", "{33D71314-DBC1-4979-A14E-C05B443123FA}"
EndProject
Project("{9A19103F-16F7-4668-BE54-9A1E7A4F7556}") = "Prep3", "csharp-prep\Prep3\Prep3.csproj", "{521CB650-F755-4757-B13E-CEF99DE8510C}"
EndProject
Project("{9A19103F-16F7-4668-BE54-9A1E7A4F7556}") = "Prep4", "csharp-prep\Prep4\Prep4.csproj", "{DB138313-3F6C-41D1-B02C-EE95B15A7085}"
EndProject
Project("{9A19103F-16F7-4668-BE54-9A1E7A4F7556}") = "Prep5", "csharp-prep\Prep5\Prep5.csproj", "{994609FA-8D9B-4DE3-BDD9-0A05970C82FF}"
EndProject
Project("{2150E333-8FDC-42A3-9474-1A3956D46DE8}") = "final", "final", "{082FF2E2-710E-41C6-A781-6158A53393C0}"
EndProject
Project("{9A19103F-16F7-4668-BE54-9A1E7A4F7556}") = "FinalProject", "final\FinalProject\FinalProject.csproj", "{E5A6ED3D-D28D-446F-AE7C-1F1BF64BA30A}"
EndProject
Project("{9A19103F-16F7-4668-BE54-9A1E7A4F7556}") = "Foundation1", "final\Foundation1\Foundation1.csproj", "{F241E0F9-C177-44F3-85E6-B71E88D2854C}"
EndProject
Project("{9A19103F-16F7-4668-BE54-9A1E7A4F7556}") = "Foundation2", "final\Foundation2\Foundation2.csproj", "{2417AC3D-A041-4D15-B552-6D1E7D9B9181}"
EndProject
Project("{9A19103F-16F7-4668-BE54-9A1E7A4F7556}") = "Foundation3", "final\Foundation3\Foundation3.csproj", "{47D64C89-072D-44DC-97BC-8A1AC86AA063}"
EndProject
Project("{9A19103F-16F7-4668-BE54-9A1E7A4F7556}") = "Foundation4", "final\Foundation4\Foundation4.csproj", "{820AF673-32F3-45C5-B251-E8C5316B4055}"
EndProject
Project("{2150E333-8FDC-42A3-9474-1A3956D46DE8}") = "prepare", "prepare", "{810040DA-503B-47D9-9801-ADA64D12CBA4}"
EndProject
Project("{9A19103F-16F7-4668-BE54-9A1E7A4F7556}") = "Learning02", "prepare\Learning02\Learning02.csproj", "{5A090282-E403-44C9-BE39-D9A532A21100}"
EndProject
Project("{9A19103F-16F7-4668-BE54-9A1E7A4F7556}") = "Learning03", "prepare\Learning03\Learning03.csproj", "{09CE52C3-3745-4949-A32B-244239FE40BA}"
EndProject
Project("{9A19103F-16F7-4668-BE54-9A1E7A4F7556}") = "Learning04", "prepare\Learning04\Learning04.csproj", "{F7818848-F0A2-4845-9995-D58254E0F441}"
EndProject
Project("{9A19103F-16F7-4668-BE54-9A1E7A4F7556}") = "Learning05", "prepare\Learning05\Learning05.csproj", "{7A76CDBD-D7A6-4152-B0FE-0E36F58D19DF}"
EndProject
Project("{2150E333-8FDC-42A3-9474-1A3956D46DE8}") = "prove", "prove", "{9160FD26-744F-45E1-9825-B25C821A94A8}"
EndProject
Project("{9A19103F-16F7-4668-BE54-9A1E7A4F7556}") = "Develop02", "prove\Develop02\Develop02.csproj", "{55963206-FA84-4441-B035-48FFF481B691}"
EndProject
Project("{9A19103F-16F7-4668-BE54-9A1E7A4F7556}") = "Develop03", "prove\Develop03\Develop03.csproj", "{C4D9C243-C457-44FA-9956-D554F72026C7}"
EndProject
Project("{9A19103F-16F7-4668-BE54-9A1E7A4F7556}") = "Develop04", "prove\Develop04\Develop04.csproj", "{F9890050-619B-4AE2-B0B5-32620BBCC4A4}"
EndProject
Project("{9A19103F-16F7-4668-BE54-9A1E7A4F7556}") = "Develop05", "prove\Develop05\Develop05.csproj", "{34ECCE11-4175-46E9-A786-00412AD62E12}"
EndProject
Project("{2150E333-8FDC-42A3-9474-1A3956D46DE8}") = "sandbox", "sandbox", "{78FE5D19-5C6F-4C35-ADA9-3B5AB22590C8}"
EndProject
Project("{9A19103F-16F7-4668-BE54-9A1E7A4F7556}") = "Sandbox", "sandbox\Sandbox\Sandbox.csproj", "{280F6674-30BD-4228-92FE-C427A9CF8003}"
EndProject
Global
	GlobalSection(SolutionConfigurationPlatforms) = preSolution
		Debug|Any CPU = Debug|Any CPU
		Release|Any CPU = Release|Any CPU
	EndGlobalSection
	GlobalSection(ProjectConfigurationPlatforms) = postSolution
		{70F71C36-BDD8-4525-8F3E-D3BEF29F7CB6}.Debug|Any CPU.ActiveCfg = Debug|Any CPU
		{70F71C36-BDD8-4525-8F3E-D3BEF29F7CB6}.Debug|Any CPU.Build.0 = Debug|Any CPU
		{70F71C36-BDD8-4525-8F3E-D3BEF29F7CB6}.Release|Any CPU.ActiveCfg = Release|Any CPU
		{70F71C36-BDD8-4525-8F3E-D3BEF29F7CB6}.Release|Any CPU.Build.0 = Release|Any CPU
		{33D71314-DBC1-4979-A14E-C05B443123FA}.Debug|Any CPU.ActiveCfg = Debug|Any CPU
		{33D71314-DBC1-4979-A14E-C05B443123FA}.Debug|Any CPU.Build.0 = Debug|Any CPU
		{33D71314-DBC1-4979-A14E-C05B443123FA}.Release|Any CPU.ActiveCfg = Release|Any CPU
		{33D71314-DBC1-4979-A14E-C05B443123FA}.Release|Any CPU.Build.0 = Release|Any CPU
		{521CB650-F755-4757-B13E-CEF99DE8510C}.Debug|Any CPU.ActiveCfg = Debug|Any CPU
		{521CB650-F755-4757-B13E-CEF99DE8510C}.Debug|Any CPU.Build.0 = Debug|Any CPU
		{521CB650-F755-4757-B13E-CEF99DE8510C}.Release|Any CPU.ActiveCfg = Release|Any CPU
		{521CB650-F755-4757-B13E-CEF99DE8510C}.Release|Any CPU.Build.0 = Release|Any CPU
		{DB138313-3F6C-41D1-B02C-EE95B15A7085}.Debug|Any CPU.ActiveCfg = Debug|Any CPU
		{DB138313-3F6C-41D1-B02C-EE95B15A7085}.Debug|Any CPU.Build.0 = Debug|Any CPU
		{DB138313-3F6C-41D1-B02C-EE95B15A7085}.Release|Any CPU.ActiveCfg = Release|Any CPU
		{DB138313-3F6C-41D1-B02C-EE95B15A7085}.Release|Any CPU.Build.0 = Release|Any CPU
		{994609FA-8D9B-4DE3-BDD9-0A05970C82FF}.Debug|Any CPU.ActiveCfg = Debug|Any CPU
		{994609FA-8D9B-4DE3-BDD9-0A05970C82FF}.Debug|Any CPU.Build.0 = Debug|Any CPU
		{994609FA-8D9B-4DE3-BDD9-0A05970C82FF}.Release|Any CPU.ActiveCfg = Release|Any CPU
		{994609FA-8D9B-4DE3-BDD9-0A05970C82FF}.Release|Any CPU.Build.0 = Release|Any CPU
		{E5A6ED3D-D28D-446F-AE7C-1F1BF64BA30A}.Debug|Any CPU.ActiveCfg = Debug|Any CPU
		{E5A6ED3D-D28D-446F-AE7C-1F1BF64BA30A}.Debug|Any CPU.Build.0 = Debug|Any CPU
		{E5A6ED3D-D28D-446F-AE7C-1F1BF64BA30A}.Release|Any CPU.ActiveCfg = Release|Any CPU
		{E5A6ED3D-D28D-446F-AE7C-1F1BF64BA30A}.Release|Any CPU.Build.0 = Release|Any CPU
		{F241E0F9-C177-44F3-85E6-B71E88D2854C}.Debug|Any CPU.ActiveCfg = Debug|Any CPU
		{F241E0F9-C177-44F3-85E6-B71E88D2854C}.Debug|Any CPU.Build.0 = Debug|Any CPU
		{F241E0F9-C177-44F3-85E6-B71E88D2854C}.Release|Any CPU.ActiveCfg = Release|Any CPU
		{F241E0F9-C177-44F3-85E6-B71E88D2854C}.Release|Any CPU.Build.0 = Release|Any CPU
		{2417AC3D-A041-4D15-B552-6D1E7D9B9181}.Debug|Any CPU.ActiveCfg = Debug|Any CPU
		{2417AC3D-A041-4D15-B552-6D1E7D9B9181}.Debug|Any CPU.Build.0 = Debug|Any CPU
		{2417AC3D-A041-4D15-B552-6D1E7D9B9181}.Release|Any CPU.ActiveCfg = Release|Any CPU
		{2417AC3D-A041-4D15-B552-6D1E7D9B9181}.Release|Any CPU.Build.0 = Release|Any CPU
		{47D64C89-072D-44DC-97BC-8A1AC86AA063}.Debug|Any CPU.ActiveCfg = Debug|Any CPU
		{47D64C89-072D-44DC-97BC-8A1AC86AA063}.Debug|Any CPU.Build.0 = Debug|Any CPU
		{47D64C89-072D-44DC-97BC-8A1AC86AA063}.Release|Any CPU.ActiveCfg = Release|Any CPU
		{47D64C89-072D-44DC-97BC-8A1AC86AA063}.Release|Any CPU.Build.0 = Release|Any CPU
		{820AF673-32F3-45C5-B251-E8C5316B4055}.Debug|Any CPU.ActiveCfg = Debug|Any CPU
		{820AF673-32F3-45C5-B251-E8C5316B4055}.Debug|Any CPU.Build.0 = Debug|Any CPU
		{820AF673-32F3-45C5-B251-E8C5316B4055}.Release|Any CPU.ActiveCfg = Release|Any CPU
		{820AF673-32F3-45C5-B251-E8C5316B4055}.Release|Any CPU.Build.0 = Release|Any CPU
		{5A090282-E403-44C9-BE39-D9A532A21100}.Debug|Any CPU.ActiveCfg = Debug|Any CPU
		{5A090282-E403-44C9-BE39-D9A532A21100}.Debug|Any CPU.Build.0 = Debug|Any CPU
		{5A090282-E403-44C9-BE39-D9A532A21100}.Release|Any CPU.ActiveCfg = Release|Any CPU
		{5A090282-E403-44C9-BE39-D9A532A21100}.Release|Any CPU.Build.0 = Release|Any CPU
		{09CE52C3-3745-4949-A32B-244239FE40BA}.Debug|Any CPU.ActiveCfg = Debug|Any CPU
		{09CE52C3-3745-4949-A32B-244239FE40BA}.Debug|Any CPU.Build.0 = Debug|Any CPU
		{09CE52C3-3745-4949-A32B-244239FE40BA}.Release|Any CPU.ActiveCfg = Release|Any CPU
		{09CE52C3-3745-4949-A32B-244239FE40BA}.Release|Any CPU.Build.0 = Release|Any CPU
		{F7818848-F0A2-4845-9995-D58254E0F441}.Debug|Any CPU.ActiveCfg = Debug|Any CPU
		{F7818848-F0A2-4845-9995-D58254E0F441}.Debug|Any CPU.Build.0 = Debug|Any CPU
		{F7818848-F0A2-4845-9995-D58254E0F441}.Release|Any CPU.ActiveCfg = Release|Any CPU
		{F7818848-F0A2-4845-9995-D58254E0F441}.Release|Any CPU.Build.0 = Release|Any CPU
		{7A76CDBD-D7A6-4152-B0FE-0E36F58D19DF}.Debug|Any CPU.ActiveCfg = Debug|Any CPU
		{7A76CDBD-D7A6-4152-B0FE-0E36F58D19DF}.Debug|Any CPU.Build.0 = Debug|Any CPU
		{7A76CDBD-D7A6-4152-B0FE-0E36F58D19DF}.Release|Any CPU.ActiveCfg = Release|Any CPU
		{7A76CDBD-D7A6-4152-B0FE-0E36F58D19DF}.Release|Any CPU.Build.0 = Release|Any CPU
		{55963206-FA84-4441-B035-48FFF481B691}.Debug|Any CPU.ActiveCfg = Debug|Any CPU
		{55963206-FA84-4441-B035-48FFF481B691}.Debug|Any CPU.Build.0 = Debug|Any CPU
		{55963206-FA84-4441-B035-48FFF481B691}.Release|Any CPU.ActiveCfg = Release|Any CPU
		{55963206-FA84-4441-B035-48FFF481B691}.Release|Any CPU.Build.0 = Release|Any CPU
		{C4D9C243-C457-44FA-9956-D554F72026C7}.Debug|Any CPU.ActiveCfg = Debug|Any CPU
		{C4D9C243-C457-44FA-9956-D554F72026C7}.Debug|Any CPU.Build.0 = Debug|Any CPU
		{C4D9C243-C457-44FA-9956-D554F72026C7}.Release|Any CPU.ActiveCfg = Release|Any CPU
		{C4D9C243-C457-44FA-9956-D554F72026C7}.Release|Any CPU.Build.0 = Release|Any CPU
		{F9890050-619B-4AE2-B0B5-32620BBCC4A4}.Debug|Any CPU.ActiveCfg = Debug|Any CPU
		{F9890050-619B-4AE2-B0B5-32620BBCC4A4}.Debug|Any CPU.Build.0 = Debug|Any CPU
		{F9890050-619B-4AE2-B0B5-32620BBCC4A4}.Release|Any CPU.ActiveCfg = Release|Any CPU
		{F9890050-619B-4AE2-B0B5-32620BBCC4A4}.Release|Any CPU.Build.0 = Release|Any CPU
		{34ECCE11-4175-46E9-A786-00412AD62E12}.Debug|Any CPU.ActiveCfg = Debug|Any CPU
		{34ECCE11-4175-46E9-A786-00412AD62E12}.Debug|Any CPU.Build.0 = Debug|Any CPU
		{34ECCE11-4175-46E9-A786-00412AD62E12}.Release|Any CPU.ActiveCfg = Release|Any CPU
		{34ECCE11-4175-46E9-A786-00412AD62E12}.Release|Any CPU.Build.0 = Release|Any CPU
		{280F6674-30BD-4228-92FE-C427A9CF8003}.Debug|Any CPU.ActiveCfg = Debug|Any CPU
		{280F6674-30BD-4228-92FE-C427A9CF8003}.Debug|Any CPU.Build.0 = Debug|Any CPU
		{280F6674-30BD-4228-92FE-C427A9CF8003}.Release|Any CPU.ActiveCfg = Release|Any CPU
		{280F6674-30BD-4228-92FE-C427A9CF8003}.Release|Any CPU.Build.0 = Release|Any CPU
	EndGlobalSection
	GlobalSection(SolutionProperties) = preSolution
		HideSolutionNode = FALSE
	EndGlobalSection
	GlobalSection(NestedProjects) = preSolution
		{70F71C36-BDD8-4525-8F3E-D3BEF29F7CB6} = {416E8525-71AC-4907-8D54-F02F97557444}
		{33D71314-DBC1-4979-A14E-C05B443123FA} = {416E8525-71AC-4907-8D54-F02F97557444}
		{521CB650-F755-4757-B13E-CEF99DE8510C} = {416E8525-71AC-4907-8D54-F02F97557444}
		{DB138313-3F6C-41D1-B02C-EE95B15A7085} = {416E8525-71AC-4907-8D54-F02F97557444}
		{994609FA-8D9B-4DE3-BDD9-0A05970C82FF} = {416E8525-71AC-4907-8D54-F02F97557444}
		{E5A6ED3D-D28D-446F-AE7C-1F1BF64BA30A} = {082FF2E2-710E-41C6-A781-6158A53393C0}
		{F241E0F9-C177-44F3-85E6-B71E88D2854C} = {082FF2E2-710E-41C6-A781-6158A53393C0}
		{2417AC3D-A041-4D15-B552-6D1E7D9B9181} = {082FF2E2-710E-41C6-A781-6158A53393C0}
		{47D64C89-072D-44DC-97BC-8A1AC86AA063} = {082FF2E2-710E-41C6-A781-6158A53393C0}
		{820AF673-32F3-45C5-B251-E8C5316B4055} = {082FF2E2-710E-41C6-A781-6158A53393C0}
		{5A090282-E403-44C9-BE39-D9A532A21100} = {810040DA-503B-47D9-9801-ADA64D12CBA4}
		{09CE52C3-3745-4949-A32B-244239FE40BA} = {810040DA-503B-47D9-9801-ADA64D12CBA4}
		{F7818848-F0A2-4845-9995-D58254E0F441} = {810040DA-503B-47D9-9801-ADA64D12CBA4}
		{7A76CDBD-D7A6-4152-B0FE-0E36F58D19DF} = {810040DA-503B-47D9-9801-ADA64D12CBA4}
		{55963206-FA84-4441-B035-48FFF481B691} = {9160FD26-744F-45E1-9825-B25C821A94A8}
		{C4D9C243-C457-44FA-9956-D554F72026C7} = {9160FD26-744F-45E1-9825-B25C821A94A8}
		{F9890050-619B-4AE2-B0B5-32620BBCC4A4} = {9160FD26-744F-45E1-9825-B25C821A94A8}
		{34ECCE11-4175-46E9-A786-00412AD62E12} = {9160FD26-744F-45E1-9825-B25C821A94A8}
		{280F6674-30BD-4228-92FE-C427A9CF8003} = {78FE5D19-5C6F-4C35-ADA9-3B5AB22590C8}
	EndGlobalSection
	GlobalSection(ExtensibilityGlobals) = postSolution
		SolutionGuid = {BA643F82-05F9-4961-872A-2A3DF83233DC}
	EndGlobalSection
EndGlobal
